// !$*UTF8*$!
{
	archiveVersion = 1;
	classes = {
	};
	objectVersion = 46;
	objects = {

/* Begin PBXBuildFile section */
		1FF69CCC1B3013B100C0C4D3 /* main.m in Sources */ = {isa = PBXBuildFile; fileRef = 1FF69CCB1B3013B100C0C4D3 /* main.m */; };
		1FF69CCF1B3013B100C0C4D3 /* AppDelegate.m in Sources */ = {isa = PBXBuildFile; fileRef = 1FF69CCE1B3013B100C0C4D3 /* AppDelegate.m */; };
		1FF69CD21B3013B100C0C4D3 /* ViewController.m in Sources */ = {isa = PBXBuildFile; fileRef = 1FF69CD11B3013B100C0C4D3 /* ViewController.m */; };
		1FF69CD51B3013B100C0C4D3 /* Main.storyboard in Resources */ = {isa = PBXBuildFile; fileRef = 1FF69CD31B3013B100C0C4D3 /* Main.storyboard */; };
		1FF69CD71B3013B100C0C4D3 /* Images.xcassets in Resources */ = {isa = PBXBuildFile; fileRef = 1FF69CD61B3013B100C0C4D3 /* Images.xcassets */; };
		1FF69CDA1B3013B100C0C4D3 /* LaunchScreen.xib in Resources */ = {isa = PBXBuildFile; fileRef = 1FF69CD81B3013B100C0C4D3 /* LaunchScreen.xib */; };
		1FF69CE61B3013B100C0C4D3 /* LBUtilityExampleTests.m in Sources */ = {isa = PBXBuildFile; fileRef = 1FF69CE51B3013B100C0C4D3 /* LBUtilityExampleTests.m */; };
		1FF69CFD1B30149600C0C4D3 /* LBBaseViewController.m in Sources */ = {isa = PBXBuildFile; fileRef = 1FF69CF11B30149600C0C4D3 /* LBBaseViewController.m */; };
		1FF69CFE1B30149600C0C4D3 /* LBButton.m in Sources */ = {isa = PBXBuildFile; fileRef = 1FF69CF31B30149600C0C4D3 /* LBButton.m */; };
		1FF69CFF1B30149600C0C4D3 /* LBImageView.m in Sources */ = {isa = PBXBuildFile; fileRef = 1FF69CF51B30149600C0C4D3 /* LBImageView.m */; };
		1FF69D001B30149600C0C4D3 /* LBLanguageManager.m in Sources */ = {isa = PBXBuildFile; fileRef = 1FF69CF71B30149600C0C4D3 /* LBLanguageManager.m */; };
		1FF69D011B30149600C0C4D3 /* LBView.m in Sources */ = {isa = PBXBuildFile; fileRef = 1FF69CFA1B30149600C0C4D3 /* LBView.m */; };
		1FF69D021B30149600C0C4D3 /* Utility.m in Sources */ = {isa = PBXBuildFile; fileRef = 1FF69CFC1B30149600C0C4D3 /* Utility.m */; };
		DAF7A669AB808BDD796DFEE3 /* libPods-LBUtilityExample.a in Frameworks */ = {isa = PBXBuildFile; fileRef = 45C99D8C2C94832475866683 /* libPods-LBUtilityExample.a */; };
/* End PBXBuildFile section */

/* Begin PBXContainerItemProxy section */
		1FF69CE01B3013B100C0C4D3 /* PBXContainerItemProxy */ = {
			isa = PBXContainerItemProxy;
			containerPortal = 1FF69CBE1B3013B000C0C4D3 /* Project object */;
			proxyType = 1;
			remoteGlobalIDString = 1FF69CC51B3013B000C0C4D3;
			remoteInfo = LBUtilityExample;
		};
/* End PBXContainerItemProxy section */

/* Begin PBXFileReference section */
		0C6DBDA490AB76C4894F47C9 /* Pods-LBUtilityExample.release.xcconfig */ = {isa = PBXFileReference; includeInIndex = 1; lastKnownFileType = text.xcconfig; name = "Pods-LBUtilityExample.release.xcconfig"; path = "Pods/Target Support Files/Pods-LBUtilityExample/Pods-LBUtilityExample.release.xcconfig"; sourceTree = "<group>"; };
		1FF69CC61B3013B100C0C4D3 /* LBUtilityExample.app */ = {isa = PBXFileReference; explicitFileType = wrapper.application; includeInIndex = 0; path = LBUtilityExample.app; sourceTree = BUILT_PRODUCTS_DIR; };
		1FF69CCA1B3013B100C0C4D3 /* Info.plist */ = {isa = PBXFileReference; lastKnownFileType = text.plist.xml; path = Info.plist; sourceTree = "<group>"; };
		1FF69CCB1B3013B100C0C4D3 /* main.m */ = {isa = PBXFileReference; lastKnownFileType = sourcecode.c.objc; path = main.m; sourceTree = "<group>"; };
		1FF69CCD1B3013B100C0C4D3 /* AppDelegate.h */ = {isa = PBXFileReference; lastKnownFileType = sourcecode.c.h; path = AppDelegate.h; sourceTree = "<group>"; };
		1FF69CCE1B3013B100C0C4D3 /* AppDelegate.m */ = {isa = PBXFileReference; lastKnownFileType = sourcecode.c.objc; path = AppDelegate.m; sourceTree = "<group>"; };
		1FF69CD01B3013B100C0C4D3 /* ViewController.h */ = {isa = PBXFileReference; lastKnownFileType = sourcecode.c.h; path = ViewController.h; sourceTree = "<group>"; };
		1FF69CD11B3013B100C0C4D3 /* ViewController.m */ = {isa = PBXFileReference; lastKnownFileType = sourcecode.c.objc; path = ViewController.m; sourceTree = "<group>"; };
		1FF69CD41B3013B100C0C4D3 /* Base */ = {isa = PBXFileReference; lastKnownFileType = file.storyboard; name = Base; path = Base.lproj/Main.storyboard; sourceTree = "<group>"; };
		1FF69CD61B3013B100C0C4D3 /* Images.xcassets */ = {isa = PBXFileReference; lastKnownFileType = folder.assetcatalog; path = Images.xcassets; sourceTree = "<group>"; };
		1FF69CD91B3013B100C0C4D3 /* Base */ = {isa = PBXFileReference; lastKnownFileType = file.xib; name = Base; path = Base.lproj/LaunchScreen.xib; sourceTree = "<group>"; };
		1FF69CDF1B3013B100C0C4D3 /* LBUtilityExampleTests.xctest */ = {isa = PBXFileReference; explicitFileType = wrapper.cfbundle; includeInIndex = 0; path = LBUtilityExampleTests.xctest; sourceTree = BUILT_PRODUCTS_DIR; };
		1FF69CE41B3013B100C0C4D3 /* Info.plist */ = {isa = PBXFileReference; lastKnownFileType = text.plist.xml; path = Info.plist; sourceTree = "<group>"; };
		1FF69CE51B3013B100C0C4D3 /* LBUtilityExampleTests.m */ = {isa = PBXFileReference; lastKnownFileType = sourcecode.c.objc; path = LBUtilityExampleTests.m; sourceTree = "<group>"; };
		1FF69CF01B30149600C0C4D3 /* LBBaseViewController.h */ = {isa = PBXFileReference; fileEncoding = 4; lastKnownFileType = sourcecode.c.h; path = LBBaseViewController.h; sourceTree = "<group>"; };
		1FF69CF11B30149600C0C4D3 /* LBBaseViewController.m */ = {isa = PBXFileReference; fileEncoding = 4; lastKnownFileType = sourcecode.c.objc; path = LBBaseViewController.m; sourceTree = "<group>"; };
		1FF69CF21B30149600C0C4D3 /* LBButton.h */ = {isa = PBXFileReference; fileEncoding = 4; lastKnownFileType = sourcecode.c.h; path = LBButton.h; sourceTree = "<group>"; };
		1FF69CF31B30149600C0C4D3 /* LBButton.m */ = {isa = PBXFileReference; fileEncoding = 4; lastKnownFileType = sourcecode.c.objc; path = LBButton.m; sourceTree = "<group>"; };
		1FF69CF41B30149600C0C4D3 /* LBImageView.h */ = {isa = PBXFileReference; fileEncoding = 4; lastKnownFileType = sourcecode.c.h; path = LBImageView.h; sourceTree = "<group>"; };
		1FF69CF51B30149600C0C4D3 /* LBImageView.m */ = {isa = PBXFileReference; fileEncoding = 4; lastKnownFileType = sourcecode.c.objc; path = LBImageView.m; sourceTree = "<group>"; };
		1FF69CF61B30149600C0C4D3 /* LBLanguageManager.h */ = {isa = PBXFileReference; fileEncoding = 4; lastKnownFileType = sourcecode.c.h; path = LBLanguageManager.h; sourceTree = "<group>"; };
		1FF69CF71B30149600C0C4D3 /* LBLanguageManager.m */ = {isa = PBXFileReference; fileEncoding = 4; lastKnownFileType = sourcecode.c.objc; path = LBLanguageManager.m; sourceTree = "<group>"; };
		1FF69CF81B30149600C0C4D3 /* LBUtility.h */ = {isa = PBXFileReference; fileEncoding = 4; lastKnownFileType = sourcecode.c.h; path = LBUtility.h; sourceTree = "<group>"; };
		1FF69CF91B30149600C0C4D3 /* LBView.h */ = {isa = PBXFileReference; fileEncoding = 4; lastKnownFileType = sourcecode.c.h; path = LBView.h; sourceTree = "<group>"; };
		1FF69CFA1B30149600C0C4D3 /* LBView.m */ = {isa = PBXFileReference; fileEncoding = 4; lastKnownFileType = sourcecode.c.objc; path = LBView.m; sourceTree = "<group>"; };
		1FF69CFB1B30149600C0C4D3 /* Utility.h */ = {isa = PBXFileReference; fileEncoding = 4; lastKnownFileType = sourcecode.c.h; path = Utility.h; sourceTree = "<group>"; };
		1FF69CFC1B30149600C0C4D3 /* Utility.m */ = {isa = PBXFileReference; fileEncoding = 4; lastKnownFileType = sourcecode.c.objc; path = Utility.m; sourceTree = "<group>"; };
		1FF69D031B3014D600C0C4D3 /* LBUtilityExample-Header.pch */ = {isa = PBXFileReference; lastKnownFileType = sourcecode.c.h; path = "LBUtilityExample-Header.pch"; sourceTree = "<group>"; };
		45C99D8C2C94832475866683 /* libPods-LBUtilityExample.a */ = {isa = PBXFileReference; explicitFileType = archive.ar; includeInIndex = 0; path = "libPods-LBUtilityExample.a"; sourceTree = BUILT_PRODUCTS_DIR; };
		EA64D76E1DB3C630A336AB62 /* Pods-LBUtilityExample.debug.xcconfig */ = {isa = PBXFileReference; includeInIndex = 1; lastKnownFileType = text.xcconfig; name = "Pods-LBUtilityExample.debug.xcconfig"; path = "Pods/Target Support Files/Pods-LBUtilityExample/Pods-LBUtilityExample.debug.xcconfig"; sourceTree = "<group>"; };
/* End PBXFileReference section */

/* Begin PBXFrameworksBuildPhase section */
		1FF69CC31B3013B000C0C4D3 /* Frameworks */ = {
			isa = PBXFrameworksBuildPhase;
			buildActionMask = 2147483647;
			files = (
				DAF7A669AB808BDD796DFEE3 /* libPods-LBUtilityExample.a in Frameworks */,
			);
			runOnlyForDeploymentPostprocessing = 0;
		};
		1FF69CDC1B3013B100C0C4D3 /* Frameworks */ = {
			isa = PBXFrameworksBuildPhase;
			buildActionMask = 2147483647;
			files = (
			);
			runOnlyForDeploymentPostprocessing = 0;
		};
/* End PBXFrameworksBuildPhase section */

/* Begin PBXGroup section */
		1EDAB9256932511A3F150D34 /* Frameworks */ = {
			isa = PBXGroup;
			children = (
				45C99D8C2C94832475866683 /* libPods-LBUtilityExample.a */,
			);
			name = Frameworks;
			sourceTree = "<group>";
		};
		1FF69CBD1B3013B000C0C4D3 = {
			isa = PBXGroup;
			children = (
				1FF69CEF1B30149600C0C4D3 /* LBUtility */,
				1FF69CC81B3013B100C0C4D3 /* LBUtilityExample */,
				1FF69CE21B3013B100C0C4D3 /* LBUtilityExampleTests */,
				1FF69CC71B3013B100C0C4D3 /* Products */,
				3352EE225C929095A1ED7544 /* Pods */,
				1EDAB9256932511A3F150D34 /* Frameworks */,
			);
			sourceTree = "<group>";
		};
		1FF69CC71B3013B100C0C4D3 /* Products */ = {
			isa = PBXGroup;
			children = (
				1FF69CC61B3013B100C0C4D3 /* LBUtilityExample.app */,
				1FF69CDF1B3013B100C0C4D3 /* LBUtilityExampleTests.xctest */,
			);
			name = Products;
			sourceTree = "<group>";
		};
		1FF69CC81B3013B100C0C4D3 /* LBUtilityExample */ = {
			isa = PBXGroup;
			children = (
				1FF69CCD1B3013B100C0C4D3 /* AppDelegate.h */,
				1FF69CCE1B3013B100C0C4D3 /* AppDelegate.m */,
				1FF69CD01B3013B100C0C4D3 /* ViewController.h */,
				1FF69CD11B3013B100C0C4D3 /* ViewController.m */,
				1FF69CD31B3013B100C0C4D3 /* Main.storyboard */,
				1FF69CD61B3013B100C0C4D3 /* Images.xcassets */,
				1FF69CD81B3013B100C0C4D3 /* LaunchScreen.xib */,
				1FF69CC91B3013B100C0C4D3 /* Supporting Files */,
			);
			path = LBUtilityExample;
			sourceTree = "<group>";
		};
		1FF69CC91B3013B100C0C4D3 /* Supporting Files */ = {
			isa = PBXGroup;
			children = (
				1FF69CCA1B3013B100C0C4D3 /* Info.plist */,
				1FF69CCB1B3013B100C0C4D3 /* main.m */,
				1FF69D031B3014D600C0C4D3 /* LBUtilityExample-Header.pch */,
			);
			name = "Supporting Files";
			sourceTree = "<group>";
		};
		1FF69CE21B3013B100C0C4D3 /* LBUtilityExampleTests */ = {
			isa = PBXGroup;
			children = (
				1FF69CE51B3013B100C0C4D3 /* LBUtilityExampleTests.m */,
				1FF69CE31B3013B100C0C4D3 /* Supporting Files */,
			);
			path = LBUtilityExampleTests;
			sourceTree = "<group>";
		};
		1FF69CE31B3013B100C0C4D3 /* Supporting Files */ = {
			isa = PBXGroup;
			children = (
				1FF69CE41B3013B100C0C4D3 /* Info.plist */,
			);
			name = "Supporting Files";
			sourceTree = "<group>";
		};
		1FF69CEF1B30149600C0C4D3 /* LBUtility */ = {
			isa = PBXGroup;
			children = (
				1FF69CF01B30149600C0C4D3 /* LBBaseViewController.h */,
				1FF69CF11B30149600C0C4D3 /* LBBaseViewController.m */,
				1FF69CF21B30149600C0C4D3 /* LBButton.h */,
				1FF69CF31B30149600C0C4D3 /* LBButton.m */,
				1FF69CF41B30149600C0C4D3 /* LBImageView.h */,
				1FF69CF51B30149600C0C4D3 /* LBImageView.m */,
				1FF69CF61B30149600C0C4D3 /* LBLanguageManager.h */,
				1FF69CF71B30149600C0C4D3 /* LBLanguageManager.m */,
				1FF69CF81B30149600C0C4D3 /* LBUtility.h */,
				1FF69CF91B30149600C0C4D3 /* LBView.h */,
				1FF69CFA1B30149600C0C4D3 /* LBView.m */,
				1FF69CFB1B30149600C0C4D3 /* Utility.h */,
				1FF69CFC1B30149600C0C4D3 /* Utility.m */,
			);
			name = LBUtility;
			path = ../LBUtility;
			sourceTree = "<group>";
		};
		3352EE225C929095A1ED7544 /* Pods */ = {
			isa = PBXGroup;
			children = (
				EA64D76E1DB3C630A336AB62 /* Pods-LBUtilityExample.debug.xcconfig */,
				0C6DBDA490AB76C4894F47C9 /* Pods-LBUtilityExample.release.xcconfig */,
			);
			name = Pods;
			sourceTree = "<group>";
		};
/* End PBXGroup section */

/* Begin PBXNativeTarget section */
		1FF69CC51B3013B000C0C4D3 /* LBUtilityExample */ = {
			isa = PBXNativeTarget;
			buildConfigurationList = 1FF69CE91B3013B100C0C4D3 /* Build configuration list for PBXNativeTarget "LBUtilityExample" */;
			buildPhases = (
				967664C2DFB6B06150D3CE48 /* Check Pods Manifest.lock */,
				1FF69CC21B3013B000C0C4D3 /* Sources */,
				1FF69CC31B3013B000C0C4D3 /* Frameworks */,
				1FF69CC41B3013B000C0C4D3 /* Resources */,
				B6231AC90037D504F85CA3CC /* Copy Pods Resources */,
			);
			buildRules = (
			);
			dependencies = (
			);
			name = LBUtilityExample;
			productName = LBUtilityExample;
			productReference = 1FF69CC61B3013B100C0C4D3 /* LBUtilityExample.app */;
			productType = "com.apple.product-type.application";
		};
		1FF69CDE1B3013B100C0C4D3 /* LBUtilityExampleTests */ = {
			isa = PBXNativeTarget;
			buildConfigurationList = 1FF69CEC1B3013B100C0C4D3 /* Build configuration list for PBXNativeTarget "LBUtilityExampleTests" */;
			buildPhases = (
				1FF69CDB1B3013B100C0C4D3 /* Sources */,
				1FF69CDC1B3013B100C0C4D3 /* Frameworks */,
				1FF69CDD1B3013B100C0C4D3 /* Resources */,
			);
			buildRules = (
			);
			dependencies = (
				1FF69CE11B3013B100C0C4D3 /* PBXTargetDependency */,
			);
			name = LBUtilityExampleTests;
			productName = LBUtilityExampleTests;
			productReference = 1FF69CDF1B3013B100C0C4D3 /* LBUtilityExampleTests.xctest */;
			productType = "com.apple.product-type.bundle.unit-test";
		};
/* End PBXNativeTarget section */

/* Begin PBXProject section */
		1FF69CBE1B3013B000C0C4D3 /* Project object */ = {
			isa = PBXProject;
			attributes = {
				LastUpgradeCheck = 0630;
				ORGANIZATIONNAME = "Billy Lee";
				TargetAttributes = {
					1FF69CC51B3013B000C0C4D3 = {
						CreatedOnToolsVersion = 6.3.2;
					};
					1FF69CDE1B3013B100C0C4D3 = {
						CreatedOnToolsVersion = 6.3.2;
						TestTargetID = 1FF69CC51B3013B000C0C4D3;
					};
				};
			};
			buildConfigurationList = 1FF69CC11B3013B000C0C4D3 /* Build configuration list for PBXProject "LBUtilityExample" */;
			compatibilityVersion = "Xcode 3.2";
			developmentRegion = English;
			hasScannedForEncodings = 0;
			knownRegions = (
				en,
				Base,
			);
			mainGroup = 1FF69CBD1B3013B000C0C4D3;
			productRefGroup = 1FF69CC71B3013B100C0C4D3 /* Products */;
			projectDirPath = "";
			projectRoot = "";
			targets = (
				1FF69CC51B3013B000C0C4D3 /* LBUtilityExample */,
				1FF69CDE1B3013B100C0C4D3 /* LBUtilityExampleTests */,
			);
		};
/* End PBXProject section */

/* Begin PBXResourcesBuildPhase section */
		1FF69CC41B3013B000C0C4D3 /* Resources */ = {
			isa = PBXResourcesBuildPhase;
			buildActionMask = 2147483647;
			files = (
				1FF69CD51B3013B100C0C4D3 /* Main.storyboard in Resources */,
				1FF69CDA1B3013B100C0C4D3 /* LaunchScreen.xib in Resources */,
				1FF69CD71B3013B100C0C4D3 /* Images.xcassets in Resources */,
			);
			runOnlyForDeploymentPostprocessing = 0;
		};
		1FF69CDD1B3013B100C0C4D3 /* Resources */ = {
			isa = PBXResourcesBuildPhase;
			buildActionMask = 2147483647;
			files = (
			);
			runOnlyForDeploymentPostprocessing = 0;
		};
/* End PBXResourcesBuildPhase section */

/* Begin PBXShellScriptBuildPhase section */
		967664C2DFB6B06150D3CE48 /* Check Pods Manifest.lock */ = {
			isa = PBXShellScriptBuildPhase;
			buildActionMask = 2147483647;
			files = (
			);
			inputPaths = (
			);
			name = "Check Pods Manifest.lock";
			outputPaths = (
			);
			runOnlyForDeploymentPostprocessing = 0;
			shellPath = /bin/sh;
			shellScript = "diff \"${PODS_ROOT}/../Podfile.lock\" \"${PODS_ROOT}/Manifest.lock\" > /dev/null\nif [[ $? != 0 ]] ; then\n    cat << EOM\nerror: The sandbox is not in sync with the Podfile.lock. Run 'pod install' or update your CocoaPods installation.\nEOM\n    exit 1\nfi\n";
			showEnvVarsInLog = 0;
		};
		B6231AC90037D504F85CA3CC /* Copy Pods Resources */ = {
			isa = PBXShellScriptBuildPhase;
			buildActionMask = 2147483647;
			files = (
			);
			inputPaths = (
			);
			name = "Copy Pods Resources";
			outputPaths = (
			);
			runOnlyForDeploymentPostprocessing = 0;
			shellPath = /bin/sh;
			shellScript = "\"${SRCROOT}/Pods/Target Support Files/Pods-LBUtilityExample/Pods-LBUtilityExample-resources.sh\"\n";
			showEnvVarsInLog = 0;
		};
/* End PBXShellScriptBuildPhase section */

/* Begin PBXSourcesBuildPhase section */
		1FF69CC21B3013B000C0C4D3 /* Sources */ = {
			isa = PBXSourcesBuildPhase;
			buildActionMask = 2147483647;
			files = (
				1FF69CFE1B30149600C0C4D3 /* LBButton.m in Sources */,
				1FF69CD21B3013B100C0C4D3 /* ViewController.m in Sources */,
				1FF69CFF1B30149600C0C4D3 /* LBImageView.m in Sources */,
				1FF69D001B30149600C0C4D3 /* LBLanguageManager.m in Sources */,
				1FF69D021B30149600C0C4D3 /* Utility.m in Sources */,
				1FF69D011B30149600C0C4D3 /* LBView.m in Sources */,
				1FF69CFD1B30149600C0C4D3 /* LBBaseViewController.m in Sources */,
				1FF69CCF1B3013B100C0C4D3 /* AppDelegate.m in Sources */,
				1FF69CCC1B3013B100C0C4D3 /* main.m in Sources */,
			);
			runOnlyForDeploymentPostprocessing = 0;
		};
		1FF69CDB1B3013B100C0C4D3 /* Sources */ = {
			isa = PBXSourcesBuildPhase;
			buildActionMask = 2147483647;
			files = (
				1FF69CE61B3013B100C0C4D3 /* LBUtilityExampleTests.m in Sources */,
			);
			runOnlyForDeploymentPostprocessing = 0;
		};
/* End PBXSourcesBuildPhase section */

/* Begin PBXTargetDependency section */
		1FF69CE11B3013B100C0C4D3 /* PBXTargetDependency */ = {
			isa = PBXTargetDependency;
			target = 1FF69CC51B3013B000C0C4D3 /* LBUtilityExample */;
			targetProxy = 1FF69CE01B3013B100C0C4D3 /* PBXContainerItemProxy */;
		};
/* End PBXTargetDependency section */

/* Begin PBXVariantGroup section */
		1FF69CD31B3013B100C0C4D3 /* Main.storyboard */ = {
			isa = PBXVariantGroup;
			children = (
				1FF69CD41B3013B100C0C4D3 /* Base */,
			);
			name = Main.storyboard;
			sourceTree = "<group>";
		};
		1FF69CD81B3013B100C0C4D3 /* LaunchScreen.xib */ = {
			isa = PBXVariantGroup;
			children = (
				1FF69CD91B3013B100C0C4D3 /* Base */,
			);
			name = LaunchScreen.xib;
			sourceTree = "<group>";
		};
/* End PBXVariantGroup section */

/* Begin XCBuildConfiguration section */
		1FF69CE71B3013B100C0C4D3 /* Debug */ = {
			isa = XCBuildConfiguration;
			buildSettings = {
				ALWAYS_SEARCH_USER_PATHS = NO;
				CLANG_CXX_LANGUAGE_STANDARD = "gnu++0x";
				CLANG_CXX_LIBRARY = "libc++";
				CLANG_ENABLE_MODULES = YES;
				CLANG_ENABLE_OBJC_ARC = YES;
				CLANG_WARN_BOOL_CONVERSION = YES;
				CLANG_WARN_CONSTANT_CONVERSION = YES;
				CLANG_WARN_DIRECT_OBJC_ISA_USAGE = YES_ERROR;
				CLANG_WARN_EMPTY_BODY = YES;
				CLANG_WARN_ENUM_CONVERSION = YES;
				CLANG_WARN_INT_CONVERSION = YES;
				CLANG_WARN_OBJC_ROOT_CLASS = YES_ERROR;
				CLANG_WARN_UNREACHABLE_CODE = YES;
				CLANG_WARN__DUPLICATE_METHOD_MATCH = YES;
				"CODE_SIGN_IDENTITY[sdk=iphoneos*]" = "iPhone Developer";
				COPY_PHASE_STRIP = NO;
				DEBUG_INFORMATION_FORMAT = "dwarf-with-dsym";
				ENABLE_STRICT_OBJC_MSGSEND = YES;
				GCC_C_LANGUAGE_STANDARD = gnu99;
				GCC_DYNAMIC_NO_PIC = NO;
				GCC_NO_COMMON_BLOCKS = YES;
				GCC_OPTIMIZATION_LEVEL = 0;
				GCC_PREPROCESSOR_DEFINITIONS = (
					"DEBUG=1",
					"$(inherited)",
				);
				GCC_SYMBOLS_PRIVATE_EXTERN = NO;
				GCC_WARN_64_TO_32_BIT_CONVERSION = YES;
				GCC_WARN_ABOUT_RETURN_TYPE = YES_ERROR;
				GCC_WARN_UNDECLARED_SELECTOR = YES;
				GCC_WARN_UNINITIALIZED_AUTOS = YES_AGGRESSIVE;
				GCC_WARN_UNUSED_FUNCTION = YES;
				GCC_WARN_UNUSED_VARIABLE = YES;
				IPHONEOS_DEPLOYMENT_TARGET = 8.3;
				MTL_ENABLE_DEBUG_INFO = YES;
				ONLY_ACTIVE_ARCH = YES;
				SDKROOT = iphoneos;
			};
			name = Debug;
		};
		1FF69CE81B3013B100C0C4D3 /* Release */ = {
			isa = XCBuildConfiguration;
			buildSettings = {
				ALWAYS_SEARCH_USER_PATHS = NO;
				CLANG_CXX_LANGUAGE_STANDARD = "gnu++0x";
				CLANG_CXX_LIBRARY = "libc++";
				CLANG_ENABLE_MODULES = YES;
				CLANG_ENABLE_OBJC_ARC = YES;
				CLANG_WARN_BOOL_CONVERSION = YES;
				CLANG_WARN_CONSTANT_CONVERSION = YES;
				CLANG_WARN_DIRECT_OBJC_ISA_USAGE = YES_ERROR;
				CLANG_WARN_EMPTY_BODY = YES;
				CLANG_WARN_ENUM_CONVERSION = YES;
				CLANG_WARN_INT_CONVERSION = YES;
				CLANG_WARN_OBJC_ROOT_CLASS = YES_ERROR;
				CLANG_WARN_UNREACHABLE_CODE = YES;
				CLANG_WARN__DUPLICATE_METHOD_MATCH = YES;
				"CODE_SIGN_IDENTITY[sdk=iphoneos*]" = "iPhone Developer";
				COPY_PHASE_STRIP = NO;
				DEBUG_INFORMATION_FORMAT = "dwarf-with-dsym";
				ENABLE_NS_ASSERTIONS = NO;
				ENABLE_STRICT_OBJC_MSGSEND = YES;
				GCC_C_LANGUAGE_STANDARD = gnu99;
				GCC_NO_COMMON_BLOCKS = YES;
				GCC_WARN_64_TO_32_BIT_CONVERSION = YES;
				GCC_WARN_ABOUT_RETURN_TYPE = YES_ERROR;
				GCC_WARN_UNDECLARED_SELECTOR = YES;
				GCC_WARN_UNINITIALIZED_AUTOS = YES_AGGRESSIVE;
				GCC_WARN_UNUSED_FUNCTION = YES;
				GCC_WARN_UNUSED_VARIABLE = YES;
				IPHONEOS_DEPLOYMENT_TARGET = 8.3;
				MTL_ENABLE_DEBUG_INFO = NO;
				SDKROOT = iphoneos;
				VALIDATE_PRODUCT = YES;
			};
			name = Release;
		};
		1FF69CEA1B3013B100C0C4D3 /* Debug */ = {
			isa = XCBuildConfiguration;
			baseConfigurationReference = EA64D76E1DB3C630A336AB62 /* Pods-LBUtilityExample.debug.xcconfig */;
			buildSettings = {
				ASSETCATALOG_COMPILER_APPICON_NAME = AppIcon;
				GCC_PRECOMPILE_PREFIX_HEADER = YES;
				GCC_PREFIX_HEADER = "$(SRCROOT)/LBUtilityExample/LBUtilityExample-Header.pch";
				INFOPLIST_FILE = LBUtilityExample/Info.plist;
				LD_RUNPATH_SEARCH_PATHS = "$(inherited) @executable_path/Frameworks";
				PRODUCT_NAME = "$(TARGET_NAME)";
			};
			name = Debug;
		};
		1FF69CEB1B3013B100C0C4D3 /* Release */ = {
			isa = XCBuildConfiguration;
			baseConfigurationReference = 0C6DBDA490AB76C4894F47C9 /* Pods-LBUtilityExample.release.xcconfig */;
			buildSettings = {
				ASSETCATALOG_COMPILER_APPICON_NAME = AppIcon;
				GCC_PRECOMPILE_PREFIX_HEADER = YES;
				GCC_PREFIX_HEADER = "$(SRCROOT)/LBUtilityExample/LBUtilityExample-Header.pch";
				INFOPLIST_FILE = LBUtilityExample/Info.plist;
				LD_RUNPATH_SEARCH_PATHS = "$(inherited) @executable_path/Frameworks";
				PRODUCT_NAME = "$(TARGET_NAME)";
			};
			name = Release;
		};
		1FF69CED1B3013B100C0C4D3 /* Debug */ = {
			isa = XCBuildConfiguration;
			buildSettings = {
				BUNDLE_LOADER = "$(TEST_HOST)";
				FRAMEWORK_SEARCH_PATHS = (
					"$(SDKROOT)/Developer/Library/Frameworks",
					"$(inherited)",
				);
				GCC_PREPROCESSOR_DEFINITIONS = (
					"DEBUG=1",
					"$(inherited)",
				);
				INFOPLIST_FILE = LBUtilityExampleTests/Info.plist;
				LD_RUNPATH_SEARCH_PATHS = "$(inherited) @executable_path/Frameworks @loader_path/Frameworks";
				PRODUCT_NAME = "$(TARGET_NAME)";
				TEST_HOST = "$(BUILT_PRODUCTS_DIR)/LBUtilityExample.app/LBUtilityExample";
			};
			name = Debug;
		};
		1FF69CEE1B3013B100C0C4D3 /* Release */ = {
			isa = XCBuildConfiguration;
			buildSettings = {
				BUNDLE_LOADER = "$(TEST_HOST)";
				FRAMEWORK_SEARCH_PATHS = (
					"$(SDKROOT)/Developer/Library/Frameworks",
					"$(inherited)",
				);
				INFOPLIST_FILE = LBUtilityExampleTests/Info.plist;
				LD_RUNPATH_SEARCH_PATHS = "$(inherited) @executable_path/Frameworks @loader_path/Frameworks";
				PRODUCT_NAME = "$(TARGET_NAME)";
				TEST_HOST = "$(BUILT_PRODUCTS_DIR)/LBUtilityExample.app/LBUtilityExample";
			};
			name = Release;
		};
/* End XCBuildConfiguration section */

/* Begin XCConfigurationList section */
		1FF69CC11B3013B000C0C4D3 /* Build configuration list for PBXProject "LBUtilityExample" */ = {
			isa = XCConfigurationList;
			buildConfigurations = (
				1FF69CE71B3013B100C0C4D3 /* Debug */,
				1FF69CE81B3013B100C0C4D3 /* Release */,
			);
			defaultConfigurationIsVisible = 0;
			defaultConfigurationName = Release;
		};
		1FF69CE91B3013B100C0C4D3 /* Build configuration list for PBXNativeTarget "LBUtilityExample" */ = {
			isa = XCConfigurationList;
			buildConfigurations = (
				1FF69CEA1B3013B100C0C4D3 /* Debug */,
				1FF69CEB1B3013B100C0C4D3 /* Release */,
			);
			defaultConfigurationIsVisible = 0;
			defaultConfigurationName = Release;
		};
		1FF69CEC1B3013B100C0C4D3 /* Build configuration list for PBXNativeTarget "LBUtilityExampleTests" */ = {
			isa = XCConfigurationList;
			buildConfigurations = (
				1FF69CED1B3013B100C0C4D3 /* Debug */,
				1FF69CEE1B3013B100C0C4D3 /* Release */,
			);
			defaultConfigurationIsVisible = 0;
			defaultConfigurationName = Release;
		};
/* End XCConfigurationList section */
	};
	rootObject = 1FF69CBE1B3013B000C0C4D3 /* Project object */;
}
